
Microsoft Visual Studio Solution File, Format Version 12.00
# Visual Studio 15
VisualStudioVersion = 15.0.27130.2010
MinimumVisualStudioVersion = 10.0.40219.1
Project("{FAE04EC0-301F-11D3-BF4B-00C04F79EFBC}") = "TaflWeb", "TaflWeb\TaflWeb.csproj", "{02B93BCA-7830-4F90-A1D4-A878496DDFEC}"
EndProject
Project("{FAE04EC0-301F-11D3-BF4B-00C04F79EFBC}") = "TaflWeb.Test", "TaflWeb.Test\TaflWeb.Test.csproj", "{F04E1F7B-97AD-40B0-BC5C-2D4A49F34B99}"
EndProject
Global
	GlobalSection(SolutionConfigurationPlatforms) = preSolution
		Debug|Any CPU = Debug|Any CPU
		Release|Any CPU = Release|Any CPU
	EndGlobalSection
	GlobalSection(ProjectConfigurationPlatforms) = postSolution
		{02B93BCA-7830-4F90-A1D4-A878496DDFEC}.Debug|Any CPU.ActiveCfg = Debug|Any CPU
		{02B93BCA-7830-4F90-A1D4-A878496DDFEC}.Debug|Any CPU.Build.0 = Debug|Any CPU
		{02B93BCA-7830-4F90-A1D4-A878496DDFEC}.Release|Any CPU.ActiveCfg = Release|Any CPU
		{02B93BCA-7830-4F90-A1D4-A878496DDFEC}.Release|Any CPU.Build.0 = Release|Any CPU
		{F04E1F7B-97AD-40B0-BC5C-2D4A49F34B99}.Debug|Any CPU.ActiveCfg = Debug|Any CPU
		{F04E1F7B-97AD-40B0-BC5C-2D4A49F34B99}.Debug|Any CPU.Build.0 = Debug|Any CPU
		{F04E1F7B-97AD-40B0-BC5C-2D4A49F34B99}.Release|Any CPU.ActiveCfg = Release|Any CPU
		{F04E1F7B-97AD-40B0-BC5C-2D4A49F34B99}.Release|Any CPU.Build.0 = Release|Any CPU
	EndGlobalSection
	GlobalSection(SolutionProperties) = preSolution
		HideSolutionNode = FALSE
	EndGlobalSection
	GlobalSection(ExtensibilityGlobals) = postSolution
		SolutionGuid = {A52CF16C-A607-46F9-8952-1ADAE189D698}
	EndGlobalSection
EndGlobal
